
Microsoft Visual Studio Solution File, Format Version 12.00
# Visual Studio 2013
VisualStudioVersion = 12.0.30501.0
MinimumVisualStudioVersion = 10.0.40219.1
Project("{2150E333-8FDC-42A3-9474-1A3956D46DE8}") = "LikeIt.Data", "LikeIt.Data", "{126469C5-9D2F-4A30-BAFF-CA847033AC0E}"
EndProject
Project("{FAE04EC0-301F-11D3-BF4B-00C04F79EFBC}") = "LikeIt.Data", "LikeIt.Data\LikeIt.Data.csproj", "{10023A4A-AC45-4993-8D66-70996D70890F}"
EndProject
Project("{FAE04EC0-301F-11D3-BF4B-00C04F79EFBC}") = "LikeIt.Models", "LikeIt.Models\LikeIt.Models.csproj", "{7D9AC271-9E8C-4C1F-ADB5-6C12CF1D8E45}"
EndProject
Project("{2150E333-8FDC-42A3-9474-1A3956D46DE8}") = "LikeIt.Tests", "LikeIt.Tests", "{624AE904-D9A7-4738-A709-26EF6F99D152}"
EndProject
Project("{FAE04EC0-301F-11D3-BF4B-00C04F79EFBC}") = "LikeIt.Web", "LikeIt.Web\LikeIt.Web.csproj", "{AAEA92D3-6486-48D9-A5EE-3A7B47C73A0C}"
EndProject
Project("{FAE04EC0-301F-11D3-BF4B-00C04F79EFBC}") = "LikeIt.Web.Tests", "LikeIt.Web.Tests\LikeIt.Web.Tests.csproj", "{BAED68B4-D7F8-4F22-B02F-D8356F04DAEE}"
EndProject
Global
	GlobalSection(SolutionConfigurationPlatforms) = preSolution
		Debug|Any CPU = Debug|Any CPU
		Release|Any CPU = Release|Any CPU
	EndGlobalSection
	GlobalSection(ProjectConfigurationPlatforms) = postSolution
		{10023A4A-AC45-4993-8D66-70996D70890F}.Debug|Any CPU.ActiveCfg = Debug|Any CPU
		{10023A4A-AC45-4993-8D66-70996D70890F}.Debug|Any CPU.Build.0 = Debug|Any CPU
		{10023A4A-AC45-4993-8D66-70996D70890F}.Release|Any CPU.ActiveCfg = Release|Any CPU
		{10023A4A-AC45-4993-8D66-70996D70890F}.Release|Any CPU.Build.0 = Release|Any CPU
		{7D9AC271-9E8C-4C1F-ADB5-6C12CF1D8E45}.Debug|Any CPU.ActiveCfg = Debug|Any CPU
		{7D9AC271-9E8C-4C1F-ADB5-6C12CF1D8E45}.Debug|Any CPU.Build.0 = Debug|Any CPU
		{7D9AC271-9E8C-4C1F-ADB5-6C12CF1D8E45}.Release|Any CPU.ActiveCfg = Release|Any CPU
		{7D9AC271-9E8C-4C1F-ADB5-6C12CF1D8E45}.Release|Any CPU.Build.0 = Release|Any CPU
		{AAEA92D3-6486-48D9-A5EE-3A7B47C73A0C}.Debug|Any CPU.ActiveCfg = Debug|Any CPU
		{AAEA92D3-6486-48D9-A5EE-3A7B47C73A0C}.Debug|Any CPU.Build.0 = Debug|Any CPU
		{AAEA92D3-6486-48D9-A5EE-3A7B47C73A0C}.Release|Any CPU.ActiveCfg = Release|Any CPU
		{AAEA92D3-6486-48D9-A5EE-3A7B47C73A0C}.Release|Any CPU.Build.0 = Release|Any CPU
		{BAED68B4-D7F8-4F22-B02F-D8356F04DAEE}.Debug|Any CPU.ActiveCfg = Debug|Any CPU
		{BAED68B4-D7F8-4F22-B02F-D8356F04DAEE}.Debug|Any CPU.Build.0 = Debug|Any CPU
		{BAED68B4-D7F8-4F22-B02F-D8356F04DAEE}.Release|Any CPU.ActiveCfg = Release|Any CPU
		{BAED68B4-D7F8-4F22-B02F-D8356F04DAEE}.Release|Any CPU.Build.0 = Release|Any CPU
	EndGlobalSection
	GlobalSection(SolutionProperties) = preSolution
		HideSolutionNode = FALSE
	EndGlobalSection
	GlobalSection(NestedProjects) = preSolution
		{10023A4A-AC45-4993-8D66-70996D70890F} = {126469C5-9D2F-4A30-BAFF-CA847033AC0E}
		{7D9AC271-9E8C-4C1F-ADB5-6C12CF1D8E45} = {126469C5-9D2F-4A30-BAFF-CA847033AC0E}
		{BAED68B4-D7F8-4F22-B02F-D8356F04DAEE} = {624AE904-D9A7-4738-A709-26EF6F99D152}
	EndGlobalSection
EndGlobal
